
Microsoft Visual Studio Solution File, Format Version 12.00
# Visual Studio Version 17
VisualStudioVersion = 17.5.002.0
MinimumVisualStudioVersion = 10.0.40219.1
Project("{9A19103F-16F7-4668-BE54-9A1E7A4F7556}") = "Livraria1", "Livraria1.csproj", "{DE86C21A-11F7-46EA-8008-448922A9DE85}"
EndProject
Global
	GlobalSection(SolutionConfigurationPlatforms) = preSolution
		Debug|Any CPU = Debug|Any CPU
		Release|Any CPU = Release|Any CPU
	EndGlobalSection
	GlobalSection(ProjectConfigurationPlatforms) = postSolution
		{DE86C21A-11F7-46EA-8008-448922A9DE85}.Debug|Any CPU.ActiveCfg = Debug|Any CPU
		{DE86C21A-11F7-46EA-8008-448922A9DE85}.Debug|Any CPU.Build.0 = Debug|Any CPU
		{DE86C21A-11F7-46EA-8008-448922A9DE85}.Release|Any CPU.ActiveCfg = Release|Any CPU
		{DE86C21A-11F7-46EA-8008-448922A9DE85}.Release|Any CPU.Build.0 = Release|Any CPU
	EndGlobalSection
	GlobalSection(SolutionProperties) = preSolution
		HideSolutionNode = FALSE
	EndGlobalSection
	GlobalSection(ExtensibilityGlobals) = postSolution
		SolutionGuid = {98580863-C09D-43EE-8987-126B594DBA9A}
	EndGlobalSection
EndGlobal
